
Microsoft Visual Studio Solution File, Format Version 12.00
# Visual Studio Version 16
VisualStudioVersion = 16.0.30804.86
MinimumVisualStudioVersion = 10.0.40219.1
Project("{FAE04EC0-301F-11D3-BF4B-00C04F79EFBC}") = "TPFinal.Android", "TPFinal.Android\TPFinal.Android.csproj", "{397FC884-3684-417F-936E-2FFBC58AD559}"
EndProject
Project("{FAE04EC0-301F-11D3-BF4B-00C04F79EFBC}") = "TPFinal", "TPFinal\TPFinal.csproj", "{7CC14A85-DDCB-4083-AE26-7ADCF57EEE2D}"
EndProject
Global
	GlobalSection(SolutionConfigurationPlatforms) = preSolution
		Debug|Any CPU = Debug|Any CPU
		Release|Any CPU = Release|Any CPU
	EndGlobalSection
	GlobalSection(ProjectConfigurationPlatforms) = postSolution
		{397FC884-3684-417F-936E-2FFBC58AD559}.Debug|Any CPU.ActiveCfg = Debug|Any CPU
		{397FC884-3684-417F-936E-2FFBC58AD559}.Debug|Any CPU.Build.0 = Debug|Any CPU
		{397FC884-3684-417F-936E-2FFBC58AD559}.Debug|Any CPU.Deploy.0 = Debug|Any CPU
		{397FC884-3684-417F-936E-2FFBC58AD559}.Release|Any CPU.ActiveCfg = Release|Any CPU
		{397FC884-3684-417F-936E-2FFBC58AD559}.Release|Any CPU.Build.0 = Release|Any CPU
		{397FC884-3684-417F-936E-2FFBC58AD559}.Release|Any CPU.Deploy.0 = Release|Any CPU
		{7CC14A85-DDCB-4083-AE26-7ADCF57EEE2D}.Debug|Any CPU.ActiveCfg = Debug|Any CPU
		{7CC14A85-DDCB-4083-AE26-7ADCF57EEE2D}.Debug|Any CPU.Build.0 = Debug|Any CPU
		{7CC14A85-DDCB-4083-AE26-7ADCF57EEE2D}.Debug|Any CPU.Deploy.0 = Debug|Any CPU
		{7CC14A85-DDCB-4083-AE26-7ADCF57EEE2D}.Release|Any CPU.ActiveCfg = Release|Any CPU
		{7CC14A85-DDCB-4083-AE26-7ADCF57EEE2D}.Release|Any CPU.Build.0 = Release|Any CPU
		{7CC14A85-DDCB-4083-AE26-7ADCF57EEE2D}.Release|Any CPU.Deploy.0 = Release|Any CPU
	EndGlobalSection
	GlobalSection(SolutionProperties) = preSolution
		HideSolutionNode = FALSE
	EndGlobalSection
	GlobalSection(ExtensibilityGlobals) = postSolution
		SolutionGuid = {9279E936-F379-450F-91CD-EEF25E672BD5}
	EndGlobalSection
EndGlobal
